
Microsoft Visual Studio Solution File, Format Version 12.00
# Visual Studio Version 17
VisualStudioVersion = 17.13.35825.156
MinimumVisualStudioVersion = 10.0.40219.1
Project("{FAE04EC0-301F-11D3-BF4B-00C04F79EFBC}") = "ValidarCPFeCNPJ", "ValidarCPFeCNPJ.csproj", "{67F9A483-FD27-4E0B-834D-698E8C5BE765}"
EndProject
Project("{FAE04EC0-301F-11D3-BF4B-00C04F79EFBC}") = "MyExtensions", "..\MyExtensions\MyExtensions.csproj", "{1E38CED8-3C38-8B3B-6027-A65C1D290068}"
EndProject
Global
	GlobalSection(SolutionConfigurationPlatforms) = preSolution
		Debug|Any CPU = Debug|Any CPU
		Release|Any CPU = Release|Any CPU
	EndGlobalSection
	GlobalSection(ProjectConfigurationPlatforms) = postSolution
		{67F9A483-FD27-4E0B-834D-698E8C5BE765}.Debug|Any CPU.ActiveCfg = Debug|Any CPU
		{67F9A483-FD27-4E0B-834D-698E8C5BE765}.Debug|Any CPU.Build.0 = Debug|Any CPU
		{67F9A483-FD27-4E0B-834D-698E8C5BE765}.Release|Any CPU.ActiveCfg = Release|Any CPU
		{67F9A483-FD27-4E0B-834D-698E8C5BE765}.Release|Any CPU.Build.0 = Release|Any CPU
		{1E38CED8-3C38-8B3B-6027-A65C1D290068}.Debug|Any CPU.ActiveCfg = Debug|Any CPU
		{1E38CED8-3C38-8B3B-6027-A65C1D290068}.Debug|Any CPU.Build.0 = Debug|Any CPU
		{1E38CED8-3C38-8B3B-6027-A65C1D290068}.Release|Any CPU.ActiveCfg = Release|Any CPU
		{1E38CED8-3C38-8B3B-6027-A65C1D290068}.Release|Any CPU.Build.0 = Release|Any CPU
	EndGlobalSection
	GlobalSection(SolutionProperties) = preSolution
		HideSolutionNode = FALSE
	EndGlobalSection
	GlobalSection(ExtensibilityGlobals) = postSolution
		SolutionGuid = {F24414C9-E0D9-4B75-BC20-888EAC3E7C92}
	EndGlobalSection
EndGlobal
